
Microsoft Visual Studio Solution File, Format Version 12.00
# Visual Studio Version 16
VisualStudioVersion = 16.0.31702.278
MinimumVisualStudioVersion = 10.0.40219.1
Project("{FAE04EC0-301F-11D3-BF4B-00C04F79EFBC}") = "StoreProductsGithub", "StoreProductsGithub\StoreProductsGithub.csproj", "{90B0B04E-5683-4259-82BB-ABC071F78A22}"
EndProject
Global
	GlobalSection(SolutionConfigurationPlatforms) = preSolution
		Debug|Any CPU = Debug|Any CPU
		Release|Any CPU = Release|Any CPU
	EndGlobalSection
	GlobalSection(ProjectConfigurationPlatforms) = postSolution
		{90B0B04E-5683-4259-82BB-ABC071F78A22}.Debug|Any CPU.ActiveCfg = Debug|Any CPU
		{90B0B04E-5683-4259-82BB-ABC071F78A22}.Debug|Any CPU.Build.0 = Debug|Any CPU
		{90B0B04E-5683-4259-82BB-ABC071F78A22}.Release|Any CPU.ActiveCfg = Release|Any CPU
		{90B0B04E-5683-4259-82BB-ABC071F78A22}.Release|Any CPU.Build.0 = Release|Any CPU
	EndGlobalSection
	GlobalSection(SolutionProperties) = preSolution
		HideSolutionNode = FALSE
	EndGlobalSection
	GlobalSection(ExtensibilityGlobals) = postSolution
		SolutionGuid = {F529B28E-3233-4D83-9395-28D0FA388807}
	EndGlobalSection
EndGlobal
